
Microsoft Visual Studio Solution File, Format Version 12.00
# Visual Studio Version 17
VisualStudioVersion = 17.0.31903.59
MinimumVisualStudioVersion = 10.0.40219.1
Project("{FAE04EC0-301F-11D3-BF4B-00C04F79EFBC}") = "DF.Webinar.GraphQL.Models", "DF.Webinar.GraphQL.Models\DF.Webinar.GraphQL.Models.csproj", "{B9FF7E61-A387-45CC-B3A3-69E01A20F615}"
EndProject
Project("{FAE04EC0-301F-11D3-BF4B-00C04F79EFBC}") = "DF.Webinar.GraphQL.Database", "DF.Webinar.GraphQL.DbContext\DF.Webinar.GraphQL.Database.csproj", "{D89C09A4-95F7-41F5-B466-1C4B125DA21A}"
EndProject
Project("{FAE04EC0-301F-11D3-BF4B-00C04F79EFBC}") = "DF.Webinar.GraphQL.DatabaseUp", "DF.Webinar.GraphQL.DatabaseUp\DF.Webinar.GraphQL.DatabaseUp.csproj", "{8395BAE9-3858-43AE-AD88-6A9841435F81}"
EndProject
Global
	GlobalSection(SolutionConfigurationPlatforms) = preSolution
		Debug|Any CPU = Debug|Any CPU
		Release|Any CPU = Release|Any CPU
	EndGlobalSection
	GlobalSection(ProjectConfigurationPlatforms) = postSolution
		{B9FF7E61-A387-45CC-B3A3-69E01A20F615}.Debug|Any CPU.ActiveCfg = Debug|Any CPU
		{B9FF7E61-A387-45CC-B3A3-69E01A20F615}.Debug|Any CPU.Build.0 = Debug|Any CPU
		{B9FF7E61-A387-45CC-B3A3-69E01A20F615}.Release|Any CPU.ActiveCfg = Release|Any CPU
		{B9FF7E61-A387-45CC-B3A3-69E01A20F615}.Release|Any CPU.Build.0 = Release|Any CPU
		{D89C09A4-95F7-41F5-B466-1C4B125DA21A}.Debug|Any CPU.ActiveCfg = Debug|Any CPU
		{D89C09A4-95F7-41F5-B466-1C4B125DA21A}.Debug|Any CPU.Build.0 = Debug|Any CPU
		{D89C09A4-95F7-41F5-B466-1C4B125DA21A}.Release|Any CPU.ActiveCfg = Release|Any CPU
		{D89C09A4-95F7-41F5-B466-1C4B125DA21A}.Release|Any CPU.Build.0 = Release|Any CPU
		{8395BAE9-3858-43AE-AD88-6A9841435F81}.Debug|Any CPU.ActiveCfg = Debug|Any CPU
		{8395BAE9-3858-43AE-AD88-6A9841435F81}.Debug|Any CPU.Build.0 = Debug|Any CPU
		{8395BAE9-3858-43AE-AD88-6A9841435F81}.Release|Any CPU.ActiveCfg = Release|Any CPU
		{8395BAE9-3858-43AE-AD88-6A9841435F81}.Release|Any CPU.Build.0 = Release|Any CPU
	EndGlobalSection
	GlobalSection(SolutionProperties) = preSolution
		HideSolutionNode = FALSE
	EndGlobalSection
	GlobalSection(ExtensibilityGlobals) = postSolution
		SolutionGuid = {8BCEB45F-DE76-4BCE-BF94-C4275A6E6B14}
	EndGlobalSection
EndGlobal
