
Microsoft Visual Studio Solution File, Format Version 12.00
# Visual Studio Version 17
VisualStudioVersion = 17.5.33402.96
MinimumVisualStudioVersion = 10.0.40219.1
Project("{9A19103F-16F7-4668-BE54-9A1E7A4F7556}") = "DF.Webinar.GraphQL.Models", "DF.Webinar.GraphQL.Models\DF.Webinar.GraphQL.Models.csproj", "{B9FF7E61-A387-45CC-B3A3-69E01A20F615}"
EndProject
Project("{9A19103F-16F7-4668-BE54-9A1E7A4F7556}") = "DF.Webinar.GraphQL.DatabaseUp", "DF.Webinar.GraphQL.DatabaseUp\DF.Webinar.GraphQL.DatabaseUp.csproj", "{8395BAE9-3858-43AE-AD88-6A9841435F81}"
EndProject
Project("{9A19103F-16F7-4668-BE54-9A1E7A4F7556}") = "DF.Webinar.GraphQL.Database", "DF.Webinar.GraphQL.Database\DF.Webinar.GraphQL.Database.csproj", "{E86F34AE-C468-4978-9DDF-C2A8FB3433C4}"
EndProject
Project("{FAE04EC0-301F-11D3-BF4B-00C04F79EFBC}") = "DF.Webinar.GraphQL.Api", "DF.Webinar.GraphQL.Api\DF.Webinar.GraphQL.Api.csproj", "{76DA9121-8C9E-4033-B8BC-F06BCC72CFA3}"
EndProject
Global
	GlobalSection(SolutionConfigurationPlatforms) = preSolution
		Debug|Any CPU = Debug|Any CPU
		Release|Any CPU = Release|Any CPU
	EndGlobalSection
	GlobalSection(ProjectConfigurationPlatforms) = postSolution
		{B9FF7E61-A387-45CC-B3A3-69E01A20F615}.Debug|Any CPU.ActiveCfg = Debug|Any CPU
		{B9FF7E61-A387-45CC-B3A3-69E01A20F615}.Debug|Any CPU.Build.0 = Debug|Any CPU
		{B9FF7E61-A387-45CC-B3A3-69E01A20F615}.Release|Any CPU.ActiveCfg = Release|Any CPU
		{B9FF7E61-A387-45CC-B3A3-69E01A20F615}.Release|Any CPU.Build.0 = Release|Any CPU
		{8395BAE9-3858-43AE-AD88-6A9841435F81}.Debug|Any CPU.ActiveCfg = Debug|Any CPU
		{8395BAE9-3858-43AE-AD88-6A9841435F81}.Debug|Any CPU.Build.0 = Debug|Any CPU
		{8395BAE9-3858-43AE-AD88-6A9841435F81}.Release|Any CPU.ActiveCfg = Release|Any CPU
		{8395BAE9-3858-43AE-AD88-6A9841435F81}.Release|Any CPU.Build.0 = Release|Any CPU
		{E86F34AE-C468-4978-9DDF-C2A8FB3433C4}.Debug|Any CPU.ActiveCfg = Debug|Any CPU
		{E86F34AE-C468-4978-9DDF-C2A8FB3433C4}.Debug|Any CPU.Build.0 = Debug|Any CPU
		{E86F34AE-C468-4978-9DDF-C2A8FB3433C4}.Release|Any CPU.ActiveCfg = Release|Any CPU
		{E86F34AE-C468-4978-9DDF-C2A8FB3433C4}.Release|Any CPU.Build.0 = Release|Any CPU
		{76DA9121-8C9E-4033-B8BC-F06BCC72CFA3}.Debug|Any CPU.ActiveCfg = Debug|Any CPU
		{76DA9121-8C9E-4033-B8BC-F06BCC72CFA3}.Debug|Any CPU.Build.0 = Debug|Any CPU
		{76DA9121-8C9E-4033-B8BC-F06BCC72CFA3}.Release|Any CPU.ActiveCfg = Release|Any CPU
		{76DA9121-8C9E-4033-B8BC-F06BCC72CFA3}.Release|Any CPU.Build.0 = Release|Any CPU
	EndGlobalSection
	GlobalSection(SolutionProperties) = preSolution
		HideSolutionNode = FALSE
	EndGlobalSection
	GlobalSection(ExtensibilityGlobals) = postSolution
		SolutionGuid = {8BCEB45F-DE76-4BCE-BF94-C4275A6E6B14}
	EndGlobalSection
EndGlobal
